
Microsoft Visual Studio Solution File, Format Version 12.00
# Visual Studio 15
VisualStudioVersion = 15.0.26228.4
MinimumVisualStudioVersion = 10.0.40219.1
Project("{2150E333-8FDC-42A3-9474-1A3956D46DE8}") = "Solution Items", "Solution Items", "{45AC163B-C210-4FEE-A8B5-E497C41A8148}"
	ProjectSection(SolutionItems) = preProject
		commands.json = commands.json
		deploy_nuget.bat = deploy_nuget.bat
		GCS Guide.md = GCS Guide.md
		LICENSE.txt = LICENSE.txt
		README.md = README.md
		UNM Guide.md = UNM Guide.md
	EndProjectSection
EndProject
Project("{FAE04EC0-301F-11D3-BF4B-00C04F79EFBC}") = "UNM.Parser.Test", "src\UNM.Parser.Test\UNM.Parser.Test.csproj", "{AB188CB9-672A-4BC6-8D0C-227AAA97F6C5}"
EndProject
Project("{FAE04EC0-301F-11D3-BF4B-00C04F79EFBC}") = "UNM.GCS.Test", "src\UNM.GCS.Test\UNM.GCS.Test.csproj", "{5AD04D30-D4E2-4079-A230-B015FD6BAE2D}"
EndProject
Project("{2150E333-8FDC-42A3-9474-1A3956D46DE8}") = "Tests", "Tests", "{46DB2CB7-0CC9-4306-9155-85FFB4CEA98F}"
EndProject
Project("{2150E333-8FDC-42A3-9474-1A3956D46DE8}") = "Source", "Source", "{42EC9CF4-AA66-4354-A2CF-9900A83B5A65}"
EndProject
Project("{FAE04EC0-301F-11D3-BF4B-00C04F79EFBC}") = "UNM.Parser", "src\UNM.Parser\UNM.Parser.csproj", "{2C83B79B-6BE3-4953-95A3-175E811EC8B0}"
EndProject
Project("{FAE04EC0-301F-11D3-BF4B-00C04F79EFBC}") = "UNM.GCS", "src\UNM.GCS\UNM.GCS.csproj", "{B377650B-036C-49A1-AC55-FDB0D6FAA162}"
EndProject
Global
	GlobalSection(SolutionConfigurationPlatforms) = preSolution
		Debug|Any CPU = Debug|Any CPU
		Debug|Mixed Platforms = Debug|Mixed Platforms
		Debug|x86 = Debug|x86
		Release|Any CPU = Release|Any CPU
		Release|Mixed Platforms = Release|Mixed Platforms
		Release|x86 = Release|x86
	EndGlobalSection
	GlobalSection(ProjectConfigurationPlatforms) = postSolution
		{AB188CB9-672A-4BC6-8D0C-227AAA97F6C5}.Debug|Any CPU.ActiveCfg = Debug|Any CPU
		{AB188CB9-672A-4BC6-8D0C-227AAA97F6C5}.Debug|Any CPU.Build.0 = Debug|Any CPU
		{AB188CB9-672A-4BC6-8D0C-227AAA97F6C5}.Debug|Mixed Platforms.ActiveCfg = Debug|Any CPU
		{AB188CB9-672A-4BC6-8D0C-227AAA97F6C5}.Debug|Mixed Platforms.Build.0 = Debug|Any CPU
		{AB188CB9-672A-4BC6-8D0C-227AAA97F6C5}.Debug|x86.ActiveCfg = Debug|Any CPU
		{AB188CB9-672A-4BC6-8D0C-227AAA97F6C5}.Release|Any CPU.ActiveCfg = Release|Any CPU
		{AB188CB9-672A-4BC6-8D0C-227AAA97F6C5}.Release|Any CPU.Build.0 = Release|Any CPU
		{AB188CB9-672A-4BC6-8D0C-227AAA97F6C5}.Release|Mixed Platforms.ActiveCfg = Release|Any CPU
		{AB188CB9-672A-4BC6-8D0C-227AAA97F6C5}.Release|Mixed Platforms.Build.0 = Release|Any CPU
		{AB188CB9-672A-4BC6-8D0C-227AAA97F6C5}.Release|x86.ActiveCfg = Release|Any CPU
		{5AD04D30-D4E2-4079-A230-B015FD6BAE2D}.Debug|Any CPU.ActiveCfg = Debug|Any CPU
		{5AD04D30-D4E2-4079-A230-B015FD6BAE2D}.Debug|Any CPU.Build.0 = Debug|Any CPU
		{5AD04D30-D4E2-4079-A230-B015FD6BAE2D}.Debug|Mixed Platforms.ActiveCfg = Debug|Any CPU
		{5AD04D30-D4E2-4079-A230-B015FD6BAE2D}.Debug|Mixed Platforms.Build.0 = Debug|Any CPU
		{5AD04D30-D4E2-4079-A230-B015FD6BAE2D}.Debug|x86.ActiveCfg = Debug|Any CPU
		{5AD04D30-D4E2-4079-A230-B015FD6BAE2D}.Debug|x86.Build.0 = Debug|Any CPU
		{5AD04D30-D4E2-4079-A230-B015FD6BAE2D}.Release|Any CPU.ActiveCfg = Release|Any CPU
		{5AD04D30-D4E2-4079-A230-B015FD6BAE2D}.Release|Any CPU.Build.0 = Release|Any CPU
		{5AD04D30-D4E2-4079-A230-B015FD6BAE2D}.Release|Mixed Platforms.ActiveCfg = Release|Any CPU
		{5AD04D30-D4E2-4079-A230-B015FD6BAE2D}.Release|Mixed Platforms.Build.0 = Release|Any CPU
		{5AD04D30-D4E2-4079-A230-B015FD6BAE2D}.Release|x86.ActiveCfg = Release|Any CPU
		{5AD04D30-D4E2-4079-A230-B015FD6BAE2D}.Release|x86.Build.0 = Release|Any CPU
		{2C83B79B-6BE3-4953-95A3-175E811EC8B0}.Debug|Any CPU.ActiveCfg = Debug|Any CPU
		{2C83B79B-6BE3-4953-95A3-175E811EC8B0}.Debug|Any CPU.Build.0 = Debug|Any CPU
		{2C83B79B-6BE3-4953-95A3-175E811EC8B0}.Debug|Mixed Platforms.ActiveCfg = Debug|Any CPU
		{2C83B79B-6BE3-4953-95A3-175E811EC8B0}.Debug|Mixed Platforms.Build.0 = Debug|Any CPU
		{2C83B79B-6BE3-4953-95A3-175E811EC8B0}.Debug|x86.ActiveCfg = Debug|Any CPU
		{2C83B79B-6BE3-4953-95A3-175E811EC8B0}.Debug|x86.Build.0 = Debug|Any CPU
		{2C83B79B-6BE3-4953-95A3-175E811EC8B0}.Release|Any CPU.ActiveCfg = Release|Any CPU
		{2C83B79B-6BE3-4953-95A3-175E811EC8B0}.Release|Any CPU.Build.0 = Release|Any CPU
		{2C83B79B-6BE3-4953-95A3-175E811EC8B0}.Release|Mixed Platforms.ActiveCfg = Release|Any CPU
		{2C83B79B-6BE3-4953-95A3-175E811EC8B0}.Release|Mixed Platforms.Build.0 = Release|Any CPU
		{2C83B79B-6BE3-4953-95A3-175E811EC8B0}.Release|x86.ActiveCfg = Release|Any CPU
		{2C83B79B-6BE3-4953-95A3-175E811EC8B0}.Release|x86.Build.0 = Release|Any CPU
		{B377650B-036C-49A1-AC55-FDB0D6FAA162}.Debug|Any CPU.ActiveCfg = Debug|Any CPU
		{B377650B-036C-49A1-AC55-FDB0D6FAA162}.Debug|Any CPU.Build.0 = Debug|Any CPU
		{B377650B-036C-49A1-AC55-FDB0D6FAA162}.Debug|Mixed Platforms.ActiveCfg = Debug|Any CPU
		{B377650B-036C-49A1-AC55-FDB0D6FAA162}.Debug|Mixed Platforms.Build.0 = Debug|Any CPU
		{B377650B-036C-49A1-AC55-FDB0D6FAA162}.Debug|x86.ActiveCfg = Debug|Any CPU
		{B377650B-036C-49A1-AC55-FDB0D6FAA162}.Debug|x86.Build.0 = Debug|Any CPU
		{B377650B-036C-49A1-AC55-FDB0D6FAA162}.Release|Any CPU.ActiveCfg = Release|Any CPU
		{B377650B-036C-49A1-AC55-FDB0D6FAA162}.Release|Any CPU.Build.0 = Release|Any CPU
		{B377650B-036C-49A1-AC55-FDB0D6FAA162}.Release|Mixed Platforms.ActiveCfg = Release|Any CPU
		{B377650B-036C-49A1-AC55-FDB0D6FAA162}.Release|Mixed Platforms.Build.0 = Release|Any CPU
		{B377650B-036C-49A1-AC55-FDB0D6FAA162}.Release|x86.ActiveCfg = Release|Any CPU
		{B377650B-036C-49A1-AC55-FDB0D6FAA162}.Release|x86.Build.0 = Release|Any CPU
	EndGlobalSection
	GlobalSection(SolutionProperties) = preSolution
		HideSolutionNode = FALSE
	EndGlobalSection
	GlobalSection(NestedProjects) = preSolution
		{AB188CB9-672A-4BC6-8D0C-227AAA97F6C5} = {46DB2CB7-0CC9-4306-9155-85FFB4CEA98F}
		{5AD04D30-D4E2-4079-A230-B015FD6BAE2D} = {46DB2CB7-0CC9-4306-9155-85FFB4CEA98F}
		{2C83B79B-6BE3-4953-95A3-175E811EC8B0} = {42EC9CF4-AA66-4354-A2CF-9900A83B5A65}
		{B377650B-036C-49A1-AC55-FDB0D6FAA162} = {42EC9CF4-AA66-4354-A2CF-9900A83B5A65}
	EndGlobalSection
EndGlobal
